
Microsoft Visual Studio Solution File, Format Version 10.00
# Visual Studio 2008
Project("{8BC9CEB8-8B4A-11D0-8D11-00A0C91BC942}") = "speach", "speach.vcproj", "{6DE37F90-9754-4AB5-80FA-CCE5ED9F0418}"
EndProject
Global
	GlobalSection(SolutionConfigurationPlatforms) = preSolution
		win32 Debug|Win32 = win32 Debug|Win32
		win32 Release|Win32 = win32 Release|Win32
	EndGlobalSection
	GlobalSection(ProjectConfigurationPlatforms) = postSolution
		{6DE37F90-9754-4AB5-80FA-CCE5ED9F0418}.win32 Debug|Win32.ActiveCfg = win32 Debug|Win32
		{6DE37F90-9754-4AB5-80FA-CCE5ED9F0418}.win32 Debug|Win32.Build.0 = win32 Debug|Win32
		{6DE37F90-9754-4AB5-80FA-CCE5ED9F0418}.win32 Release|Win32.ActiveCfg = win32 Release|Win32
		{6DE37F90-9754-4AB5-80FA-CCE5ED9F0418}.win32 Release|Win32.Build.0 = win32 Release|Win32
	EndGlobalSection
	GlobalSection(SolutionProperties) = preSolution
		HideSolutionNode = FALSE
	EndGlobalSection
EndGlobal
