
Microsoft Visual Studio Solution File, Format Version 10.00
# Visual Studio 2008
Project("{8BC9CEB8-8B4A-11D0-8D11-00A0C91BC942}") = "countdown", "countdown.vcproj", "{D971520C-C179-4804-84F7-210EE2FFB587}"
EndProject
Global
	GlobalSection(SolutionConfigurationPlatforms) = preSolution
		win32 Debug|Win32 = win32 Debug|Win32
		win32 Release|Win32 = win32 Release|Win32
	EndGlobalSection
	GlobalSection(ProjectConfigurationPlatforms) = postSolution
		{D971520C-C179-4804-84F7-210EE2FFB587}.win32 Debug|Win32.ActiveCfg = win32 Debug|Win32
		{D971520C-C179-4804-84F7-210EE2FFB587}.win32 Debug|Win32.Build.0 = win32 Debug|Win32
		{D971520C-C179-4804-84F7-210EE2FFB587}.win32 Release|Win32.ActiveCfg = win32 Release|Win32
		{D971520C-C179-4804-84F7-210EE2FFB587}.win32 Release|Win32.Build.0 = win32 Release|Win32
	EndGlobalSection
	GlobalSection(SolutionProperties) = preSolution
		HideSolutionNode = FALSE
	EndGlobalSection
EndGlobal
